symfony 6a25df0ebf92074bf541fc7ca53d9fcd27981c3d
twig 396435ecd05556adb0a8bd05b14641cb4f8a8aa5
monolog 303b8a83c87d5c6d749926cf02620465a5dcd0f2
doctrine-common 174111c8d245d560e1af4c7455b730347f85686d
doctrine-dbal edc628f7e7fa5a116b9b41838e7955c03f7af2e0
doctrine 05d12e20be58ab4d5fa403c5bd6ac06d1fce97e5
swiftmailer 8c3165691e36302405926abbae7526549db8b899
assetic f829ad23d23c87480151a21faad49fefe7c09e5d
twig-extensions eba4f5d572bec05c72a47bbd73ba0a3330cf8f54
metadata 8717ad2a5689480765d9ffafe925cd8a2457e582
SensioFrameworkExtraBundle 9b9194a47effc66b08d44ae110b982352119ca17
JMSSecurityExtraBundle b8b7eb294ed83d83ca7260ac018e701f08003538
SensioDistributionBundle 2082cb99d408fd89243059c6eff866347ec00bbe
SensioGeneratorBundle 88ecf05691825c81b6a19ca6e2dc1849f1a5dcd4
AsseticBundle 41b5913b5086a0909af92adcb4a6005ee0051b16


KnpMenuBundle e6d39f35ceec4940717727d14594cb72d1261c8e
KnpMenu ef1f54734e490f0e02b43e0158fc4b1dbbccee27
FOSUserBundle 6cc5ebb8cf4c3e4ae0e380009e8e5043c28aa9d0
gedmo-doctrine-extensions e702c728dbc46b02cceb6a92264d7e4cf1cec102
StofDoctrineExtensionsBundle a82ae9a667dc95aa64865512566aeac9cbe515c1
MopaBootstrapBundle b3f3a059ce462513e584faaf2734ecc87764f3ad

imagine 365f3219c5a99f2939ad14d0a7cba83047f38d03
